
Microsoft Visual Studio Solution File, Format Version 12.00
# Visual Studio Version 17
VisualStudioVersion = 17.3.32929.385
MinimumVisualStudioVersion = 10.0.40219.1
Project("{FAE04EC0-301F-11D3-BF4B-00C04F79EFBC}") = "Final Project", "Final Project\Final Project.csproj", "{7000FFA9-518A-44F9-A31C-E631C9F04D8F}"
EndProject
Project("{FAE04EC0-301F-11D3-BF4B-00C04F79EFBC}") = "DAL", "DAL\DAL.csproj", "{532D7381-6CB1-47C4-9D0F-5E6E8498C41C}"
EndProject
Project("{FAE04EC0-301F-11D3-BF4B-00C04F79EFBC}") = "BLL", "BLL\BLL.csproj", "{D9A9D337-EC4D-428C-B32E-9843115E389C}"
EndProject
Global
	GlobalSection(SolutionConfigurationPlatforms) = preSolution
		Debug|Any CPU = Debug|Any CPU
		Release|Any CPU = Release|Any CPU
	EndGlobalSection
	GlobalSection(ProjectConfigurationPlatforms) = postSolution
		{7000FFA9-518A-44F9-A31C-E631C9F04D8F}.Debug|Any CPU.ActiveCfg = Debug|Any CPU
		{7000FFA9-518A-44F9-A31C-E631C9F04D8F}.Debug|Any CPU.Build.0 = Debug|Any CPU
		{7000FFA9-518A-44F9-A31C-E631C9F04D8F}.Release|Any CPU.ActiveCfg = Release|Any CPU
		{7000FFA9-518A-44F9-A31C-E631C9F04D8F}.Release|Any CPU.Build.0 = Release|Any CPU
		{532D7381-6CB1-47C4-9D0F-5E6E8498C41C}.Debug|Any CPU.ActiveCfg = Debug|Any CPU
		{532D7381-6CB1-47C4-9D0F-5E6E8498C41C}.Debug|Any CPU.Build.0 = Debug|Any CPU
		{532D7381-6CB1-47C4-9D0F-5E6E8498C41C}.Release|Any CPU.ActiveCfg = Release|Any CPU
		{532D7381-6CB1-47C4-9D0F-5E6E8498C41C}.Release|Any CPU.Build.0 = Release|Any CPU
		{D9A9D337-EC4D-428C-B32E-9843115E389C}.Debug|Any CPU.ActiveCfg = Debug|Any CPU
		{D9A9D337-EC4D-428C-B32E-9843115E389C}.Debug|Any CPU.Build.0 = Debug|Any CPU
		{D9A9D337-EC4D-428C-B32E-9843115E389C}.Release|Any CPU.ActiveCfg = Release|Any CPU
		{D9A9D337-EC4D-428C-B32E-9843115E389C}.Release|Any CPU.Build.0 = Release|Any CPU
	EndGlobalSection
	GlobalSection(SolutionProperties) = preSolution
		HideSolutionNode = FALSE
	EndGlobalSection
	GlobalSection(ExtensibilityGlobals) = postSolution
		SolutionGuid = {A604BB87-F6B3-40A8-8135-7E3255F7AADE}
	EndGlobalSection
EndGlobal
