
Microsoft Visual Studio Solution File, Format Version 12.00
# Visual Studio Version 17
VisualStudioVersion = 17.3.32929.385
MinimumVisualStudioVersion = 10.0.40219.1
Project("{FAE04EC0-301F-11D3-BF4B-00C04F79EFBC}") = "NewsPortal", "NewsPortal\NewsPortal.csproj", "{DB1FB938-49DF-4479-A545-429B67BA2B13}"
EndProject
Project("{FAE04EC0-301F-11D3-BF4B-00C04F79EFBC}") = "DAL", "DAL\DAL.csproj", "{501D2357-5F43-4BD0-8983-AA89F63552E8}"
EndProject
Project("{FAE04EC0-301F-11D3-BF4B-00C04F79EFBC}") = "BLL", "BLL\BLL.csproj", "{6E4D2F8E-8D4A-4D03-9533-11089544FC52}"
EndProject
Global
	GlobalSection(SolutionConfigurationPlatforms) = preSolution
		Debug|Any CPU = Debug|Any CPU
		Release|Any CPU = Release|Any CPU
	EndGlobalSection
	GlobalSection(ProjectConfigurationPlatforms) = postSolution
		{DB1FB938-49DF-4479-A545-429B67BA2B13}.Debug|Any CPU.ActiveCfg = Debug|Any CPU
		{DB1FB938-49DF-4479-A545-429B67BA2B13}.Debug|Any CPU.Build.0 = Debug|Any CPU
		{DB1FB938-49DF-4479-A545-429B67BA2B13}.Release|Any CPU.ActiveCfg = Release|Any CPU
		{DB1FB938-49DF-4479-A545-429B67BA2B13}.Release|Any CPU.Build.0 = Release|Any CPU
		{501D2357-5F43-4BD0-8983-AA89F63552E8}.Debug|Any CPU.ActiveCfg = Debug|Any CPU
		{501D2357-5F43-4BD0-8983-AA89F63552E8}.Debug|Any CPU.Build.0 = Debug|Any CPU
		{501D2357-5F43-4BD0-8983-AA89F63552E8}.Release|Any CPU.ActiveCfg = Release|Any CPU
		{501D2357-5F43-4BD0-8983-AA89F63552E8}.Release|Any CPU.Build.0 = Release|Any CPU
		{6E4D2F8E-8D4A-4D03-9533-11089544FC52}.Debug|Any CPU.ActiveCfg = Debug|Any CPU
		{6E4D2F8E-8D4A-4D03-9533-11089544FC52}.Debug|Any CPU.Build.0 = Debug|Any CPU
		{6E4D2F8E-8D4A-4D03-9533-11089544FC52}.Release|Any CPU.ActiveCfg = Release|Any CPU
		{6E4D2F8E-8D4A-4D03-9533-11089544FC52}.Release|Any CPU.Build.0 = Release|Any CPU
	EndGlobalSection
	GlobalSection(SolutionProperties) = preSolution
		HideSolutionNode = FALSE
	EndGlobalSection
	GlobalSection(ExtensibilityGlobals) = postSolution
		SolutionGuid = {8DC04D92-4D1E-4369-ABDF-A05BA74A600C}
	EndGlobalSection
EndGlobal
