
Microsoft Visual Studio Solution File, Format Version 12.00
# Visual Studio Version 17
VisualStudioVersion = 17.3.32929.385
MinimumVisualStudioVersion = 10.0.40219.1
Project("{FAE04EC0-301F-11D3-BF4B-00C04F79EFBC}") = "BloodDonate", "BloodDonate\BloodDonate.csproj", "{1D42AF8E-FD5C-4B17-84B0-DECFCB925839}"
EndProject
Project("{FAE04EC0-301F-11D3-BF4B-00C04F79EFBC}") = "DAL", "DAL\DAL.csproj", "{F051EDBB-CA93-4411-A6D0-14F580899E59}"
EndProject
Project("{FAE04EC0-301F-11D3-BF4B-00C04F79EFBC}") = "BLL", "BLL\BLL.csproj", "{1D057C9A-2411-451A-9D16-1698514E105F}"
EndProject
Global
	GlobalSection(SolutionConfigurationPlatforms) = preSolution
		Debug|Any CPU = Debug|Any CPU
		Release|Any CPU = Release|Any CPU
	EndGlobalSection
	GlobalSection(ProjectConfigurationPlatforms) = postSolution
		{1D42AF8E-FD5C-4B17-84B0-DECFCB925839}.Debug|Any CPU.ActiveCfg = Debug|Any CPU
		{1D42AF8E-FD5C-4B17-84B0-DECFCB925839}.Debug|Any CPU.Build.0 = Debug|Any CPU
		{1D42AF8E-FD5C-4B17-84B0-DECFCB925839}.Release|Any CPU.ActiveCfg = Release|Any CPU
		{1D42AF8E-FD5C-4B17-84B0-DECFCB925839}.Release|Any CPU.Build.0 = Release|Any CPU
		{F051EDBB-CA93-4411-A6D0-14F580899E59}.Debug|Any CPU.ActiveCfg = Debug|Any CPU
		{F051EDBB-CA93-4411-A6D0-14F580899E59}.Debug|Any CPU.Build.0 = Debug|Any CPU
		{F051EDBB-CA93-4411-A6D0-14F580899E59}.Release|Any CPU.ActiveCfg = Release|Any CPU
		{F051EDBB-CA93-4411-A6D0-14F580899E59}.Release|Any CPU.Build.0 = Release|Any CPU
		{1D057C9A-2411-451A-9D16-1698514E105F}.Debug|Any CPU.ActiveCfg = Debug|Any CPU
		{1D057C9A-2411-451A-9D16-1698514E105F}.Debug|Any CPU.Build.0 = Debug|Any CPU
		{1D057C9A-2411-451A-9D16-1698514E105F}.Release|Any CPU.ActiveCfg = Release|Any CPU
		{1D057C9A-2411-451A-9D16-1698514E105F}.Release|Any CPU.Build.0 = Release|Any CPU
	EndGlobalSection
	GlobalSection(SolutionProperties) = preSolution
		HideSolutionNode = FALSE
	EndGlobalSection
	GlobalSection(ExtensibilityGlobals) = postSolution
		SolutionGuid = {B34E6044-1450-46E7-B4B2-6552121EA646}
	EndGlobalSection
EndGlobal
