
Microsoft Visual Studio Solution File, Format Version 12.00
# Visual Studio Version 17
VisualStudioVersion = 17.3.32929.385
MinimumVisualStudioVersion = 10.0.40219.1
Project("{FAE04EC0-301F-11D3-BF4B-00C04F79EFBC}") = "LAB ASSIGNMENT 03", "LAB ASSIGNMENT 03\LAB ASSIGNMENT 03.csproj", "{48569D82-CBEA-449B-BB96-32978634975A}"
EndProject
Global
	GlobalSection(SolutionConfigurationPlatforms) = preSolution
		Debug|Any CPU = Debug|Any CPU
		Release|Any CPU = Release|Any CPU
	EndGlobalSection
	GlobalSection(ProjectConfigurationPlatforms) = postSolution
		{48569D82-CBEA-449B-BB96-32978634975A}.Debug|Any CPU.ActiveCfg = Debug|Any CPU
		{48569D82-CBEA-449B-BB96-32978634975A}.Debug|Any CPU.Build.0 = Debug|Any CPU
		{48569D82-CBEA-449B-BB96-32978634975A}.Release|Any CPU.ActiveCfg = Release|Any CPU
		{48569D82-CBEA-449B-BB96-32978634975A}.Release|Any CPU.Build.0 = Release|Any CPU
	EndGlobalSection
	GlobalSection(SolutionProperties) = preSolution
		HideSolutionNode = FALSE
	EndGlobalSection
	GlobalSection(ExtensibilityGlobals) = postSolution
		SolutionGuid = {0F63D9D3-AF3D-47A6-83F3-32AACC78F0C2}
	EndGlobalSection
EndGlobal
