
Microsoft Visual Studio Solution File, Format Version 12.00
# Visual Studio Version 17
VisualStudioVersion = 17.3.32929.385
MinimumVisualStudioVersion = 10.0.40219.1
Project("{FAE04EC0-301F-11D3-BF4B-00C04F79EFBC}") = "ORM", "ORM\ORM.csproj", "{03B0A170-60E7-45BA-B47D-676B559D1C68}"
EndProject
Global
	GlobalSection(SolutionConfigurationPlatforms) = preSolution
		Debug|Any CPU = Debug|Any CPU
		Release|Any CPU = Release|Any CPU
	EndGlobalSection
	GlobalSection(ProjectConfigurationPlatforms) = postSolution
		{03B0A170-60E7-45BA-B47D-676B559D1C68}.Debug|Any CPU.ActiveCfg = Debug|Any CPU
		{03B0A170-60E7-45BA-B47D-676B559D1C68}.Debug|Any CPU.Build.0 = Debug|Any CPU
		{03B0A170-60E7-45BA-B47D-676B559D1C68}.Release|Any CPU.ActiveCfg = Release|Any CPU
		{03B0A170-60E7-45BA-B47D-676B559D1C68}.Release|Any CPU.Build.0 = Release|Any CPU
	EndGlobalSection
	GlobalSection(SolutionProperties) = preSolution
		HideSolutionNode = FALSE
	EndGlobalSection
	GlobalSection(ExtensibilityGlobals) = postSolution
		SolutionGuid = {63F31A64-8364-4035-9E77-EC0848D8A50E}
	EndGlobalSection
EndGlobal
