
Microsoft Visual Studio Solution File, Format Version 12.00
# Visual Studio Version 17
VisualStudioVersion = 17.3.32929.385
MinimumVisualStudioVersion = 10.0.40219.1
Project("{FAE04EC0-301F-11D3-BF4B-00C04F79EFBC}") = "Zero Hunger", "Zero Hunger\Zero Hunger.csproj", "{8ED10FB0-A6D1-46A8-BF7A-9E6065F081FE}"
EndProject
Global
	GlobalSection(SolutionConfigurationPlatforms) = preSolution
		Debug|Any CPU = Debug|Any CPU
		Release|Any CPU = Release|Any CPU
	EndGlobalSection
	GlobalSection(ProjectConfigurationPlatforms) = postSolution
		{8ED10FB0-A6D1-46A8-BF7A-9E6065F081FE}.Debug|Any CPU.ActiveCfg = Debug|Any CPU
		{8ED10FB0-A6D1-46A8-BF7A-9E6065F081FE}.Debug|Any CPU.Build.0 = Debug|Any CPU
		{8ED10FB0-A6D1-46A8-BF7A-9E6065F081FE}.Release|Any CPU.ActiveCfg = Release|Any CPU
		{8ED10FB0-A6D1-46A8-BF7A-9E6065F081FE}.Release|Any CPU.Build.0 = Release|Any CPU
	EndGlobalSection
	GlobalSection(SolutionProperties) = preSolution
		HideSolutionNode = FALSE
	EndGlobalSection
	GlobalSection(ExtensibilityGlobals) = postSolution
		SolutionGuid = {0A8217E9-91E3-4B63-A605-96A75E4EA997}
	EndGlobalSection
EndGlobal
