
Microsoft Visual Studio Solution File, Format Version 12.00
# Visual Studio Version 17
VisualStudioVersion = 17.1.32319.34
MinimumVisualStudioVersion = 10.0.40219.1
Project("{FAE04EC0-301F-11D3-BF4B-00C04F79EFBC}") = "ShopManagement2", "ShopManagement2\ShopManagement2.csproj", "{CA6D2CA4-08ED-477B-968A-AA7688426C20}"
EndProject
Project("{FAE04EC0-301F-11D3-BF4B-00C04F79EFBC}") = "DAL", "DAL\DAL.csproj", "{30C10259-2788-4FDC-B66A-35EC14F5385F}"
EndProject
Project("{FAE04EC0-301F-11D3-BF4B-00C04F79EFBC}") = "BLL", "BLL\BLL.csproj", "{C82AA41D-1D48-40BA-A062-73B7BBF873CF}"
EndProject
Global
	GlobalSection(SolutionConfigurationPlatforms) = preSolution
		Debug|Any CPU = Debug|Any CPU
		Release|Any CPU = Release|Any CPU
	EndGlobalSection
	GlobalSection(ProjectConfigurationPlatforms) = postSolution
		{CA6D2CA4-08ED-477B-968A-AA7688426C20}.Debug|Any CPU.ActiveCfg = Debug|Any CPU
		{CA6D2CA4-08ED-477B-968A-AA7688426C20}.Debug|Any CPU.Build.0 = Debug|Any CPU
		{CA6D2CA4-08ED-477B-968A-AA7688426C20}.Release|Any CPU.ActiveCfg = Release|Any CPU
		{CA6D2CA4-08ED-477B-968A-AA7688426C20}.Release|Any CPU.Build.0 = Release|Any CPU
		{30C10259-2788-4FDC-B66A-35EC14F5385F}.Debug|Any CPU.ActiveCfg = Debug|Any CPU
		{30C10259-2788-4FDC-B66A-35EC14F5385F}.Debug|Any CPU.Build.0 = Debug|Any CPU
		{30C10259-2788-4FDC-B66A-35EC14F5385F}.Release|Any CPU.ActiveCfg = Release|Any CPU
		{30C10259-2788-4FDC-B66A-35EC14F5385F}.Release|Any CPU.Build.0 = Release|Any CPU
		{C82AA41D-1D48-40BA-A062-73B7BBF873CF}.Debug|Any CPU.ActiveCfg = Debug|Any CPU
		{C82AA41D-1D48-40BA-A062-73B7BBF873CF}.Debug|Any CPU.Build.0 = Debug|Any CPU
		{C82AA41D-1D48-40BA-A062-73B7BBF873CF}.Release|Any CPU.ActiveCfg = Release|Any CPU
		{C82AA41D-1D48-40BA-A062-73B7BBF873CF}.Release|Any CPU.Build.0 = Release|Any CPU
	EndGlobalSection
	GlobalSection(SolutionProperties) = preSolution
		HideSolutionNode = FALSE
	EndGlobalSection
	GlobalSection(ExtensibilityGlobals) = postSolution
		SolutionGuid = {08A4FE4B-CEAA-41FB-8928-0A7076490F5A}
	EndGlobalSection
EndGlobal
